
Microsoft Visual Studio Solution File, Format Version 12.00
Project("{FAE04EC0-301F-11D3-BF4B-00C04F79EFBC}") = "STSLogic", "STSLogic\STSLogic.csproj", "{468BCFA2-06B0-48E6-996F-1BD320EF13F2}"
EndProject
Project("{FAE04EC0-301F-11D3-BF4B-00C04F79EFBC}") = "UnitTests", "UnitTests\UnitTests.csproj", "{1FDBE981-03E8-4A84-9CBB-767ED82F5F32}"
EndProject
Global
	GlobalSection(SolutionConfigurationPlatforms) = preSolution
		Debug|Any CPU = Debug|Any CPU
		Release|Any CPU = Release|Any CPU
	EndGlobalSection
	GlobalSection(ProjectConfigurationPlatforms) = postSolution
		{468BCFA2-06B0-48E6-996F-1BD320EF13F2}.Debug|Any CPU.ActiveCfg = Debug|Any CPU
		{468BCFA2-06B0-48E6-996F-1BD320EF13F2}.Debug|Any CPU.Build.0 = Debug|Any CPU
		{468BCFA2-06B0-48E6-996F-1BD320EF13F2}.Release|Any CPU.ActiveCfg = Release|Any CPU
		{468BCFA2-06B0-48E6-996F-1BD320EF13F2}.Release|Any CPU.Build.0 = Release|Any CPU
		{1FDBE981-03E8-4A84-9CBB-767ED82F5F32}.Debug|Any CPU.ActiveCfg = Debug|Any CPU
		{1FDBE981-03E8-4A84-9CBB-767ED82F5F32}.Debug|Any CPU.Build.0 = Debug|Any CPU
		{1FDBE981-03E8-4A84-9CBB-767ED82F5F32}.Release|Any CPU.ActiveCfg = Release|Any CPU
		{1FDBE981-03E8-4A84-9CBB-767ED82F5F32}.Release|Any CPU.Build.0 = Release|Any CPU
	EndGlobalSection
EndGlobal
